
Microsoft Visual Studio Solution File, Format Version 12.00
# Visual Studio Express 14 for Web
VisualStudioVersion = 14.0.25123.0
MinimumVisualStudioVersion = 10.0.40219.1
Project("{FAE04EC0-301F-11D3-BF4B-00C04F79EFBC}") = "Fitasia", "Fitasia\Fitasia.csproj", "{DDD48AFD-6CE9-4FC4-BCB2-3E8977240EAC}"
EndProject
Global
	GlobalSection(SolutionConfigurationPlatforms) = preSolution
		Debug|Any CPU = Debug|Any CPU
		Release|Any CPU = Release|Any CPU
	EndGlobalSection
	GlobalSection(ProjectConfigurationPlatforms) = postSolution
		{DDD48AFD-6CE9-4FC4-BCB2-3E8977240EAC}.Debug|Any CPU.ActiveCfg = Debug|Any CPU
		{DDD48AFD-6CE9-4FC4-BCB2-3E8977240EAC}.Debug|Any CPU.Build.0 = Debug|Any CPU
		{DDD48AFD-6CE9-4FC4-BCB2-3E8977240EAC}.Release|Any CPU.ActiveCfg = Release|Any CPU
		{DDD48AFD-6CE9-4FC4-BCB2-3E8977240EAC}.Release|Any CPU.Build.0 = Release|Any CPU
	EndGlobalSection
	GlobalSection(SolutionProperties) = preSolution
		HideSolutionNode = FALSE
	EndGlobalSection
EndGlobal
